
Microsoft Visual Studio Solution File, Format Version 12.00
# Visual Studio Version 17
VisualStudioVersion = 17.9.34728.123
MinimumVisualStudioVersion = 10.0.40219.1
Project("{FAE04EC0-301F-11D3-BF4B-00C04F79EFBC}") = "JogoDaVelha", "JogoDaVelha\JogoDaVelha.csproj", "{88F194F3-CE9D-4082-BEBF-72D2C993C1DE}"
EndProject
Global
	GlobalSection(SolutionConfigurationPlatforms) = preSolution
		Debug|Any CPU = Debug|Any CPU
		Release|Any CPU = Release|Any CPU
	EndGlobalSection
	GlobalSection(ProjectConfigurationPlatforms) = postSolution
		{88F194F3-CE9D-4082-BEBF-72D2C993C1DE}.Debug|Any CPU.ActiveCfg = Debug|Any CPU
		{88F194F3-CE9D-4082-BEBF-72D2C993C1DE}.Debug|Any CPU.Build.0 = Debug|Any CPU
		{88F194F3-CE9D-4082-BEBF-72D2C993C1DE}.Debug|Any CPU.Deploy.0 = Debug|Any CPU
		{88F194F3-CE9D-4082-BEBF-72D2C993C1DE}.Release|Any CPU.ActiveCfg = Release|Any CPU
		{88F194F3-CE9D-4082-BEBF-72D2C993C1DE}.Release|Any CPU.Build.0 = Release|Any CPU
		{88F194F3-CE9D-4082-BEBF-72D2C993C1DE}.Release|Any CPU.Deploy.0 = Release|Any CPU
	EndGlobalSection
	GlobalSection(SolutionProperties) = preSolution
		HideSolutionNode = FALSE
	EndGlobalSection
	GlobalSection(ExtensibilityGlobals) = postSolution
		SolutionGuid = {46791D4C-22CE-4759-949E-16071C9F6B13}
	EndGlobalSection
EndGlobal
